;;;;;;;;;;;;;;;;;;;;;;;;;;;;;;;;;;;;;;;;;;;;;;;;;;;;;;;;;;;;;;;;;;;;;;;;;;;;;;;;
;; This is autogenerated by CLPM. Do not edit by hand.
;;;;;;;;;;;;;;;;;;;;;;;;;;;;;;;;;;;;;;;;;;;;;;;;;;;;;;;;;;;;;;;;;;;;;;;;;;;;;;;;

(:api-version "0.4")

;;;;;;;;;;;;;;;;;;;;;;;;;;;;;;;;;;;;;;;;;;;;;;;;;;;;;;;;;;;;;;;;;;;;;;;;;;;;;;;;
;; BEGIN SOURCES
;;;;;;;;;;;;;;;;;;;;;;;;;;;;;;;;;;;;;;;;;;;;;;;;;;;;;;;;;;;;;;;;;;;;;;;;;;;;;;;;

:sources
(:implicit-file :type :file-system :system-files ("raylib-play.asd"))
(:implicit-vcs :type :vcs :projects
 (("cl-raylib" :github :path "longlene/cl-raylib")))
("quicklisp" :url "https://quicklisp.common-lisp-project-index.org/" :type
 :ql-clpi)


;;;;;;;;;;;;;;;;;;;;;;;;;;;;;;;;;;;;;;;;;;;;;;;;;;;;;;;;;;;;;;;;;;;;;;;;;;;;;;;;
;; BEGIN REQUIREMENTS
;;;;;;;;;;;;;;;;;;;;;;;;;;;;;;;;;;;;;;;;;;;;;;;;;;;;;;;;;;;;;;;;;;;;;;;;;;;;;;;;

:requirements
(:asd-file :name "raylib-play.asd")
(:project :name "cl-raylib" :branch "master" :source :implicit-vcs)


;;;;;;;;;;;;;;;;;;;;;;;;;;;;;;;;;;;;;;;;;;;;;;;;;;;;;;;;;;;;;;;;;;;;;;;;;;;;;;;;
;; BEGIN RELEASES
;;;;;;;;;;;;;;;;;;;;;;;;;;;;;;;;;;;;;;;;;;;;;;;;;;;;;;;;;;;;;;;;;;;;;;;;;;;;;;;;

:releases
("3d-matrices" :version "2022-04-01" :source "quicklisp" :systems
 ("3d-matrices"))
("3d-vectors" :version "2022-07-08" :source "quicklisp" :systems ("3d-vectors"))
("alexandria" :version "2022-07-08" :source "quicklisp" :systems ("alexandria"))
("babel" :version "2020-09-25" :source "quicklisp" :systems ("babel"))
("cffi" :version "2021-04-11" :source "quicklisp" :systems
 ("cffi" "cffi-grovel" "cffi-libffi" "cffi-toolchain"))
("cl-raylib" :version (:commit "8bf7ee09e46dc5724a440800a28352ec7fe64a5a")
 :source :implicit-vcs :systems ("cl-raylib"))
("documentation-utils" :version "2019-07-11" :source "quicklisp" :systems
 ("documentation-utils"))
("raylib-play.asd" :version :newest :source :implicit-file :systems nil)
("trivial-features" :version "2021-12-09" :source "quicklisp" :systems
 ("trivial-features"))
("trivial-indent" :version "2021-05-31" :source "quicklisp" :systems
 ("trivial-indent"))


;;;;;;;;;;;;;;;;;;;;;;;;;;;;;;;;;;;;;;;;;;;;;;;;;;;;;;;;;;;;;;;;;;;;;;;;;;;;;;;;
;; BEGIN REVERSE-DEPENDENCIES
;;;;;;;;;;;;;;;;;;;;;;;;;;;;;;;;;;;;;;;;;;;;;;;;;;;;;;;;;;;;;;;;;;;;;;;;;;;;;;;;

:reverse-dependencies
("3d-matrices" ((:system :name "cl-raylib") (:system :name "3d-matrices")))

("3d-vectors" ((:system :name "cl-raylib") (:system :name "3d-vectors"))
 ((:system :name "3d-matrices") (:system :name "3d-vectors")))

("alexandria" ((:system :name "cl-raylib") (:system :name "alexandria"))
 ((:system :name "cffi-grovel") (:system :name "alexandria"))
 ((:system :name "cffi") (:system :name "alexandria"))
 ((:system :name "babel") (:system :name "alexandria")))

("babel" ((:system :name "cffi") (:system :name "babel")))

("cffi" ((:system :name "cl-raylib") (:system :name "cffi-libffi"))
 ((:system :name "cffi-toolchain") (:system :name "cffi"))
 ((:system :name "cffi-libffi") (:system :name "cffi"))
 ((:system :name "cffi-libffi") (:system :name "cffi-grovel"))
 ((:system :name "cffi-grovel") (:system :name "cffi"))
 ((:system :name "cffi-grovel") (:system :name "cffi-toolchain")))

("cl-raylib"
 (t
  (:project :name "cl-raylib" :commit
   "8bf7ee09e46dc5724a440800a28352ec7fe64a5a" :source :implicit-vcs)))

("documentation-utils"
 ((:system :name "3d-vectors") (:system :name "documentation-utils"))
 ((:system :name "3d-matrices") (:system :name "documentation-utils")))

("raylib-play.asd" (t (:asd-file :name "raylib-play.asd")))

("trivial-features"
 ((:system :name "cffi-libffi") (:system :name "trivial-features"))
 ((:system :name "cffi") (:system :name "trivial-features"))
 ((:system :name "babel") (:system :name "trivial-features")))

("trivial-indent"
 ((:system :name "documentation-utils") (:system :name "trivial-indent")))

